PODS:
  - Alamofire (5.0.0.beta.1)
  - OAuthSwift (1.2.0)
  - SwiftyJSON (3.1.4)

DEPENDENCIES:
  - Alamofire (from `https://github.com/Alamofire/Alamofire.git`, branch `alamofire5`)
  - OAuthSwift (~> 1.2.0)
  - SwiftyJSON (~> 3.1.4)

SPEC REPOS:
  https://github.com/cocoapods/specs.git:
    - OAuthSwift
    - SwiftyJSON

EXTERNAL SOURCES:
  Alamofire:
    :branch: alamofire5
    :git: https://github.com/Alamofire/Alamofire.git

CHECKOUT OPTIONS:
  Alamofire:
    :commit: 32e38a4db9f96a1391c6727044d29676dd0322a2
    :git: https://github.com/Alamofire/Alamofire.git

SPEC CHECKSUMS:
  Alamofire: 8dc618ab9e6a26d9d77559e4c35e59e56451e69e
  OAuthSwift: 7fd6855b8e4d58eb5a30d156ea9bed7a8aecd1ca
  SwiftyJSON: c2842d878f95482ffceec5709abc3d05680c0220

PODFILE CHECKSUM: 5b7ce5347f8198492a83a264cd75e9e2ddbdeb2c

COCOAPODS: 1.5.2
